
Microsoft Visual Studio Solution File, Format Version 12.00
# Visual Studio Version 17
VisualStudioVersion = 17.10.35004.147
MinimumVisualStudioVersion = 10.0.40219.1
Project("{FAE04EC0-301F-11D3-BF4B-00C04F79EFBC}") = "FirstWPF", "Source\FirstWPF\FirstWPF.csproj", "{37AE3EE0-1482-475C-A863-C2CAC7076D9C}"
EndProject
Project("{FAE04EC0-301F-11D3-BF4B-00C04F79EFBC}") = "FirstBlend", "Source\FirstBlend\FirstBlend.csproj", "{FCF47684-BF6D-4DBD-A63D-C34690CA4E46}"
EndProject
Project("{FAE04EC0-301F-11D3-BF4B-00C04F79EFBC}") = "FirstShape", "Source\FirstShape\FirstShape.csproj", "{442D5B5D-FC7D-4A84-9F17-CE10E6A45F09}"
EndProject
Project("{FAE04EC0-301F-11D3-BF4B-00C04F79EFBC}") = "FirstVisual", "Source\FirstVisual\FirstVisual.csproj", "{2AC6D651-CC0D-4275-AEA0-9CA0428E91D5}"
EndProject
Project("{FAE04EC0-301F-11D3-BF4B-00C04F79EFBC}") = "BrushLibrary", "Source\BrushLibrary\BrushLibrary.csproj", "{5043D530-7F7D-4518-816C-0C95F41E752D}"
EndProject
Project("{FAE04EC0-301F-11D3-BF4B-00C04F79EFBC}") = "WPFTester", "Source\WPFTester\WPFTester.csproj", "{6D72DB05-9D83-4E12-89EF-523F7A4686B9}"
EndProject
Project("{FAE04EC0-301F-11D3-BF4B-00C04F79EFBC}") = "FirstCustomControl", "Source\FirstCustomControl\FirstCustomControl.csproj", "{46F8056C-8D2E-4694-9257-27DA6C64D001}"
EndProject
Project("{FAE04EC0-301F-11D3-BF4B-00C04F79EFBC}") = "WPFStudy", "Source\WPFStudy\WPFStudy.csproj", "{F89E97B1-F453-4721-9CB5-07116B26EBEF}"
EndProject
Project("{FAE04EC0-301F-11D3-BF4B-00C04F79EFBC}") = "WinFormStudy", "Source\WinFormStudy\WinFormStudy.csproj", "{683C32C9-473A-42FF-A663-874A40B7E9FC}"
EndProject
Global
	GlobalSection(SolutionConfigurationPlatforms) = preSolution
		Debug|Any CPU = Debug|Any CPU
		Release|Any CPU = Release|Any CPU
	EndGlobalSection
	GlobalSection(ProjectConfigurationPlatforms) = postSolution
		{37AE3EE0-1482-475C-A863-C2CAC7076D9C}.Debug|Any CPU.ActiveCfg = Debug|Any CPU
		{37AE3EE0-1482-475C-A863-C2CAC7076D9C}.Debug|Any CPU.Build.0 = Debug|Any CPU
		{37AE3EE0-1482-475C-A863-C2CAC7076D9C}.Release|Any CPU.ActiveCfg = Release|Any CPU
		{37AE3EE0-1482-475C-A863-C2CAC7076D9C}.Release|Any CPU.Build.0 = Release|Any CPU
		{FCF47684-BF6D-4DBD-A63D-C34690CA4E46}.Debug|Any CPU.ActiveCfg = Debug|Any CPU
		{FCF47684-BF6D-4DBD-A63D-C34690CA4E46}.Debug|Any CPU.Build.0 = Debug|Any CPU
		{FCF47684-BF6D-4DBD-A63D-C34690CA4E46}.Release|Any CPU.ActiveCfg = Release|Any CPU
		{FCF47684-BF6D-4DBD-A63D-C34690CA4E46}.Release|Any CPU.Build.0 = Release|Any CPU
		{442D5B5D-FC7D-4A84-9F17-CE10E6A45F09}.Debug|Any CPU.ActiveCfg = Debug|Any CPU
		{442D5B5D-FC7D-4A84-9F17-CE10E6A45F09}.Debug|Any CPU.Build.0 = Debug|Any CPU
		{442D5B5D-FC7D-4A84-9F17-CE10E6A45F09}.Release|Any CPU.ActiveCfg = Release|Any CPU
		{442D5B5D-FC7D-4A84-9F17-CE10E6A45F09}.Release|Any CPU.Build.0 = Release|Any CPU
		{2AC6D651-CC0D-4275-AEA0-9CA0428E91D5}.Debug|Any CPU.ActiveCfg = Debug|Any CPU
		{2AC6D651-CC0D-4275-AEA0-9CA0428E91D5}.Debug|Any CPU.Build.0 = Debug|Any CPU
		{2AC6D651-CC0D-4275-AEA0-9CA0428E91D5}.Release|Any CPU.ActiveCfg = Release|Any CPU
		{2AC6D651-CC0D-4275-AEA0-9CA0428E91D5}.Release|Any CPU.Build.0 = Release|Any CPU
		{5043D530-7F7D-4518-816C-0C95F41E752D}.Debug|Any CPU.ActiveCfg = Debug|Any CPU
		{5043D530-7F7D-4518-816C-0C95F41E752D}.Debug|Any CPU.Build.0 = Debug|Any CPU
		{5043D530-7F7D-4518-816C-0C95F41E752D}.Release|Any CPU.ActiveCfg = Release|Any CPU
		{5043D530-7F7D-4518-816C-0C95F41E752D}.Release|Any CPU.Build.0 = Release|Any CPU
		{6D72DB05-9D83-4E12-89EF-523F7A4686B9}.Debug|Any CPU.ActiveCfg = Debug|Any CPU
		{6D72DB05-9D83-4E12-89EF-523F7A4686B9}.Debug|Any CPU.Build.0 = Debug|Any CPU
		{6D72DB05-9D83-4E12-89EF-523F7A4686B9}.Release|Any CPU.ActiveCfg = Release|Any CPU
		{6D72DB05-9D83-4E12-89EF-523F7A4686B9}.Release|Any CPU.Build.0 = Release|Any CPU
		{46F8056C-8D2E-4694-9257-27DA6C64D001}.Debug|Any CPU.ActiveCfg = Debug|Any CPU
		{46F8056C-8D2E-4694-9257-27DA6C64D001}.Debug|Any CPU.Build.0 = Debug|Any CPU
		{46F8056C-8D2E-4694-9257-27DA6C64D001}.Release|Any CPU.ActiveCfg = Release|Any CPU
		{46F8056C-8D2E-4694-9257-27DA6C64D001}.Release|Any CPU.Build.0 = Release|Any CPU
		{F89E97B1-F453-4721-9CB5-07116B26EBEF}.Debug|Any CPU.ActiveCfg = Debug|Any CPU
		{F89E97B1-F453-4721-9CB5-07116B26EBEF}.Debug|Any CPU.Build.0 = Debug|Any CPU
		{F89E97B1-F453-4721-9CB5-07116B26EBEF}.Release|Any CPU.ActiveCfg = Release|Any CPU
		{F89E97B1-F453-4721-9CB5-07116B26EBEF}.Release|Any CPU.Build.0 = Release|Any CPU
		{683C32C9-473A-42FF-A663-874A40B7E9FC}.Debug|Any CPU.ActiveCfg = Debug|Any CPU
		{683C32C9-473A-42FF-A663-874A40B7E9FC}.Debug|Any CPU.Build.0 = Debug|Any CPU
		{683C32C9-473A-42FF-A663-874A40B7E9FC}.Release|Any CPU.ActiveCfg = Release|Any CPU
		{683C32C9-473A-42FF-A663-874A40B7E9FC}.Release|Any CPU.Build.0 = Release|Any CPU
	EndGlobalSection
	GlobalSection(SolutionProperties) = preSolution
		HideSolutionNode = FALSE
	EndGlobalSection
	GlobalSection(ExtensibilityGlobals) = postSolution
		SolutionGuid = {A4DE218F-93AE-4A57-830C-76D7BA520713}
	EndGlobalSection
EndGlobal
