
Microsoft Visual Studio Solution File, Format Version 12.00
# Blend for Visual Studio 15
VisualStudioVersion = 15.0.28307.168
MinimumVisualStudioVersion = 10.0.40219.1
Project("{FAE04EC0-301F-11D3-BF4B-00C04F79EFBC}") = "FirstWPF", "Source\FirstWPF\FirstWPF.csproj", "{37AE3EE0-1482-475C-A863-C2CAC7076D9C}"
EndProject
Project("{FAE04EC0-301F-11D3-BF4B-00C04F79EFBC}") = "FirstBlend", "Source\FirstBlend\FirstBlend.csproj", "{FCF47684-BF6D-4DBD-A63D-C34690CA4E46}"
EndProject
Project("{FAE04EC0-301F-11D3-BF4B-00C04F79EFBC}") = "FirstShape", "Source\FirstShape\FirstShape.csproj", "{442D5B5D-FC7D-4A84-9F17-CE10E6A45F09}"
EndProject
Project("{FAE04EC0-301F-11D3-BF4B-00C04F79EFBC}") = "FirstVisual", "Source\FirstVisual\FirstVisual.csproj", "{2AC6D651-CC0D-4275-AEA0-9CA0428E91D5}"
EndProject
Project("{FAE04EC0-301F-11D3-BF4B-00C04F79EFBC}") = "BrushLibrary", "Source\BrushLibrary\BrushLibrary.csproj", "{5043D530-7F7D-4518-816C-0C95F41E752D}"
EndProject
Project("{FAE04EC0-301F-11D3-BF4B-00C04F79EFBC}") = "WPFTester", "Source\WPFTester\WPFTester.csproj", "{6D72DB05-9D83-4E12-89EF-523F7A4686B9}"
EndProject
Global
	GlobalSection(SolutionConfigurationPlatforms) = preSolution
		Debug|Any CPU = Debug|Any CPU
		Release|Any CPU = Release|Any CPU
	EndGlobalSection
	GlobalSection(ProjectConfigurationPlatforms) = postSolution
		{37AE3EE0-1482-475C-A863-C2CAC7076D9C}.Debug|Any CPU.ActiveCfg = Debug|Any CPU
		{37AE3EE0-1482-475C-A863-C2CAC7076D9C}.Debug|Any CPU.Build.0 = Debug|Any CPU
		{37AE3EE0-1482-475C-A863-C2CAC7076D9C}.Release|Any CPU.ActiveCfg = Release|Any CPU
		{37AE3EE0-1482-475C-A863-C2CAC7076D9C}.Release|Any CPU.Build.0 = Release|Any CPU
		{FCF47684-BF6D-4DBD-A63D-C34690CA4E46}.Debug|Any CPU.ActiveCfg = Debug|Any CPU
		{FCF47684-BF6D-4DBD-A63D-C34690CA4E46}.Debug|Any CPU.Build.0 = Debug|Any CPU
		{FCF47684-BF6D-4DBD-A63D-C34690CA4E46}.Release|Any CPU.ActiveCfg = Release|Any CPU
		{FCF47684-BF6D-4DBD-A63D-C34690CA4E46}.Release|Any CPU.Build.0 = Release|Any CPU
		{442D5B5D-FC7D-4A84-9F17-CE10E6A45F09}.Debug|Any CPU.ActiveCfg = Debug|Any CPU
		{442D5B5D-FC7D-4A84-9F17-CE10E6A45F09}.Debug|Any CPU.Build.0 = Debug|Any CPU
		{442D5B5D-FC7D-4A84-9F17-CE10E6A45F09}.Release|Any CPU.ActiveCfg = Release|Any CPU
		{442D5B5D-FC7D-4A84-9F17-CE10E6A45F09}.Release|Any CPU.Build.0 = Release|Any CPU
		{2AC6D651-CC0D-4275-AEA0-9CA0428E91D5}.Debug|Any CPU.ActiveCfg = Debug|Any CPU
		{2AC6D651-CC0D-4275-AEA0-9CA0428E91D5}.Debug|Any CPU.Build.0 = Debug|Any CPU
		{2AC6D651-CC0D-4275-AEA0-9CA0428E91D5}.Release|Any CPU.ActiveCfg = Release|Any CPU
		{2AC6D651-CC0D-4275-AEA0-9CA0428E91D5}.Release|Any CPU.Build.0 = Release|Any CPU
		{5043D530-7F7D-4518-816C-0C95F41E752D}.Debug|Any CPU.ActiveCfg = Debug|Any CPU
		{5043D530-7F7D-4518-816C-0C95F41E752D}.Debug|Any CPU.Build.0 = Debug|Any CPU
		{5043D530-7F7D-4518-816C-0C95F41E752D}.Release|Any CPU.ActiveCfg = Release|Any CPU
		{5043D530-7F7D-4518-816C-0C95F41E752D}.Release|Any CPU.Build.0 = Release|Any CPU
		{6D72DB05-9D83-4E12-89EF-523F7A4686B9}.Debug|Any CPU.ActiveCfg = Debug|Any CPU
		{6D72DB05-9D83-4E12-89EF-523F7A4686B9}.Debug|Any CPU.Build.0 = Debug|Any CPU
		{6D72DB05-9D83-4E12-89EF-523F7A4686B9}.Release|Any CPU.ActiveCfg = Release|Any CPU
		{6D72DB05-9D83-4E12-89EF-523F7A4686B9}.Release|Any CPU.Build.0 = Release|Any CPU
	EndGlobalSection
	GlobalSection(SolutionProperties) = preSolution
		HideSolutionNode = FALSE
	EndGlobalSection
	GlobalSection(ExtensibilityGlobals) = postSolution
		SolutionGuid = {A4DE218F-93AE-4A57-830C-76D7BA520713}
	EndGlobalSection
EndGlobal
